
Microsoft Visual Studio Solution File, Format Version 12.00
# Visual Studio Version 16
VisualStudioVersion = 16.0.29001.49
MinimumVisualStudioVersion = 10.0.40219.1
Project("{2150E333-8FDC-42A3-9474-1A3956D46DE8}") = "Tests", "Tests", "{99FD04EC-CDBA-4B63-8B43-5F4BB4C48FEB}"
EndProject
Project("{FAE04EC0-301F-11D3-BF4B-00C04F79EFBC}") = "MY3DEngine", "MY3DEngine\MY3DEngine.csproj", "{03537171-7E7B-41BE-AF46-CF5B85C1EB65}"
EndProject
Project("{9A19103F-16F7-4668-BE54-9A1E7A4F7556}") = "My3DEngine.Utilities", "Utilities\My3DEngine.Utilities.csproj", "{173D9236-51D8-4923-8059-86D1AA317F4A}"
EndProject
Project("{FAE04EC0-301F-11D3-BF4B-00C04F79EFBC}") = "MY3DEngine.BuildTools", "MY3DEngine.Build\MY3DEngine.BuildTools.csproj", "{7165C534-42AC-4DEE-AD66-68C73690B5D0}"
EndProject
Project("{FAE04EC0-301F-11D3-BF4B-00C04F79EFBC}") = "Utilities.Tests", "Tests\Utilities.Tests\Utilities.Tests.csproj", "{B73D21DA-83E4-4FE8-B445-259DFD7877D2}"
EndProject
Project("{FAE04EC0-301F-11D3-BF4B-00C04F79EFBC}") = "MY3DEngine.GUI", "MY3DEngineGUI\MY3DEngine.GUI.csproj", "{7925BAF7-9C72-4A0C-A9B9-E4A7E93416C9}"
EndProject
Global
	GlobalSection(SolutionConfigurationPlatforms) = preSolution
		Debug|Any CPU = Debug|Any CPU
		Debug|x64 = Debug|x64
		Debug|x86 = Debug|x86
		Release|Any CPU = Release|Any CPU
		Release|x64 = Release|x64
		Release|x86 = Release|x86
	EndGlobalSection
	GlobalSection(ProjectConfigurationPlatforms) = postSolution
		{03537171-7E7B-41BE-AF46-CF5B85C1EB65}.Debug|Any CPU.ActiveCfg = Debug|Any CPU
		{03537171-7E7B-41BE-AF46-CF5B85C1EB65}.Debug|Any CPU.Build.0 = Debug|Any CPU
		{03537171-7E7B-41BE-AF46-CF5B85C1EB65}.Debug|x64.ActiveCfg = Debug|Any CPU
		{03537171-7E7B-41BE-AF46-CF5B85C1EB65}.Debug|x64.Build.0 = Debug|Any CPU
		{03537171-7E7B-41BE-AF46-CF5B85C1EB65}.Debug|x86.ActiveCfg = Debug|Any CPU
		{03537171-7E7B-41BE-AF46-CF5B85C1EB65}.Debug|x86.Build.0 = Debug|Any CPU
		{03537171-7E7B-41BE-AF46-CF5B85C1EB65}.Release|Any CPU.ActiveCfg = Release|Any CPU
		{03537171-7E7B-41BE-AF46-CF5B85C1EB65}.Release|Any CPU.Build.0 = Release|Any CPU
		{03537171-7E7B-41BE-AF46-CF5B85C1EB65}.Release|x64.ActiveCfg = Release|Any CPU
		{03537171-7E7B-41BE-AF46-CF5B85C1EB65}.Release|x64.Build.0 = Release|Any CPU
		{03537171-7E7B-41BE-AF46-CF5B85C1EB65}.Release|x86.ActiveCfg = Release|Any CPU
		{03537171-7E7B-41BE-AF46-CF5B85C1EB65}.Release|x86.Build.0 = Release|Any CPU
		{173D9236-51D8-4923-8059-86D1AA317F4A}.Debug|Any CPU.ActiveCfg = Debug|Any CPU
		{173D9236-51D8-4923-8059-86D1AA317F4A}.Debug|Any CPU.Build.0 = Debug|Any CPU
		{173D9236-51D8-4923-8059-86D1AA317F4A}.Debug|x64.ActiveCfg = Debug|Any CPU
		{173D9236-51D8-4923-8059-86D1AA317F4A}.Debug|x64.Build.0 = Debug|Any CPU
		{173D9236-51D8-4923-8059-86D1AA317F4A}.Debug|x86.ActiveCfg = Debug|Any CPU
		{173D9236-51D8-4923-8059-86D1AA317F4A}.Debug|x86.Build.0 = Debug|Any CPU
		{173D9236-51D8-4923-8059-86D1AA317F4A}.Release|Any CPU.ActiveCfg = Release|Any CPU
		{173D9236-51D8-4923-8059-86D1AA317F4A}.Release|Any CPU.Build.0 = Release|Any CPU
		{173D9236-51D8-4923-8059-86D1AA317F4A}.Release|x64.ActiveCfg = Release|Any CPU
		{173D9236-51D8-4923-8059-86D1AA317F4A}.Release|x64.Build.0 = Release|Any CPU
		{173D9236-51D8-4923-8059-86D1AA317F4A}.Release|x86.ActiveCfg = Release|Any CPU
		{173D9236-51D8-4923-8059-86D1AA317F4A}.Release|x86.Build.0 = Release|Any CPU
		{7165C534-42AC-4DEE-AD66-68C73690B5D0}.Debug|Any CPU.ActiveCfg = Debug|Any CPU
		{7165C534-42AC-4DEE-AD66-68C73690B5D0}.Debug|Any CPU.Build.0 = Debug|Any CPU
		{7165C534-42AC-4DEE-AD66-68C73690B5D0}.Debug|x64.ActiveCfg = Debug|Any CPU
		{7165C534-42AC-4DEE-AD66-68C73690B5D0}.Debug|x64.Build.0 = Debug|Any CPU
		{7165C534-42AC-4DEE-AD66-68C73690B5D0}.Debug|x86.ActiveCfg = Debug|Any CPU
		{7165C534-42AC-4DEE-AD66-68C73690B5D0}.Debug|x86.Build.0 = Debug|Any CPU
		{7165C534-42AC-4DEE-AD66-68C73690B5D0}.Release|Any CPU.ActiveCfg = Release|Any CPU
		{7165C534-42AC-4DEE-AD66-68C73690B5D0}.Release|Any CPU.Build.0 = Release|Any CPU
		{7165C534-42AC-4DEE-AD66-68C73690B5D0}.Release|x64.ActiveCfg = Release|Any CPU
		{7165C534-42AC-4DEE-AD66-68C73690B5D0}.Release|x64.Build.0 = Release|Any CPU
		{7165C534-42AC-4DEE-AD66-68C73690B5D0}.Release|x86.ActiveCfg = Release|Any CPU
		{7165C534-42AC-4DEE-AD66-68C73690B5D0}.Release|x86.Build.0 = Release|Any CPU
		{B73D21DA-83E4-4FE8-B445-259DFD7877D2}.Debug|Any CPU.ActiveCfg = Debug|Any CPU
		{B73D21DA-83E4-4FE8-B445-259DFD7877D2}.Debug|Any CPU.Build.0 = Debug|Any CPU
		{B73D21DA-83E4-4FE8-B445-259DFD7877D2}.Debug|x64.ActiveCfg = Debug|Any CPU
		{B73D21DA-83E4-4FE8-B445-259DFD7877D2}.Debug|x64.Build.0 = Debug|Any CPU
		{B73D21DA-83E4-4FE8-B445-259DFD7877D2}.Debug|x86.ActiveCfg = Debug|Any CPU
		{B73D21DA-83E4-4FE8-B445-259DFD7877D2}.Debug|x86.Build.0 = Debug|Any CPU
		{B73D21DA-83E4-4FE8-B445-259DFD7877D2}.Release|Any CPU.ActiveCfg = Release|Any CPU
		{B73D21DA-83E4-4FE8-B445-259DFD7877D2}.Release|Any CPU.Build.0 = Release|Any CPU
		{B73D21DA-83E4-4FE8-B445-259DFD7877D2}.Release|x64.ActiveCfg = Release|Any CPU
		{B73D21DA-83E4-4FE8-B445-259DFD7877D2}.Release|x64.Build.0 = Release|Any CPU
		{B73D21DA-83E4-4FE8-B445-259DFD7877D2}.Release|x86.ActiveCfg = Release|Any CPU
		{B73D21DA-83E4-4FE8-B445-259DFD7877D2}.Release|x86.Build.0 = Release|Any CPU
		{7925BAF7-9C72-4A0C-A9B9-E4A7E93416C9}.Debug|Any CPU.ActiveCfg = Debug|x86
		{7925BAF7-9C72-4A0C-A9B9-E4A7E93416C9}.Debug|x64.ActiveCfg = Debug|x64
		{7925BAF7-9C72-4A0C-A9B9-E4A7E93416C9}.Debug|x64.Build.0 = Debug|x64
		{7925BAF7-9C72-4A0C-A9B9-E4A7E93416C9}.Debug|x86.ActiveCfg = Debug|x86
		{7925BAF7-9C72-4A0C-A9B9-E4A7E93416C9}.Debug|x86.Build.0 = Debug|x86
		{7925BAF7-9C72-4A0C-A9B9-E4A7E93416C9}.Release|Any CPU.ActiveCfg = Release|x86
		{7925BAF7-9C72-4A0C-A9B9-E4A7E93416C9}.Release|x64.ActiveCfg = Release|x64
		{7925BAF7-9C72-4A0C-A9B9-E4A7E93416C9}.Release|x64.Build.0 = Release|x64
		{7925BAF7-9C72-4A0C-A9B9-E4A7E93416C9}.Release|x86.ActiveCfg = Release|x86
		{7925BAF7-9C72-4A0C-A9B9-E4A7E93416C9}.Release|x86.Build.0 = Release|x86
	EndGlobalSection
	GlobalSection(SolutionProperties) = preSolution
		HideSolutionNode = FALSE
	EndGlobalSection
	GlobalSection(NestedProjects) = preSolution
		{B73D21DA-83E4-4FE8-B445-259DFD7877D2} = {99FD04EC-CDBA-4B63-8B43-5F4BB4C48FEB}
	EndGlobalSection
	GlobalSection(ExtensibilityGlobals) = postSolution
		SolutionGuid = {87716097-01DB-4DA7-8F2F-EF708433EF79}
	EndGlobalSection
EndGlobal
